
Microsoft Visual Studio Solution File, Format Version 12.00
# Visual Studio Version 17
VisualStudioVersion = 17.0.31903.59
MinimumVisualStudioVersion = 10.0.40219.1
Project("{FAE04EC0-301F-11D3-BF4B-00C04F79EFBC}") = "InsuranceManagementService", "InsuranceManagementService\InsuranceManagementService.csproj", "{A520DBE9-AA04-4E21-9448-DE001A2AC3D5}"
EndProject
Project("{FAE04EC0-301F-11D3-BF4B-00C04F79EFBC}") = "InsuranceManagement.Tests", "InsuranceManagement.Tests\InsuranceManagement.Tests.csproj", "{1EB2D8D4-3F36-47BA-B07B-4F10393ABA44}"
EndProject
Global
	GlobalSection(SolutionConfigurationPlatforms) = preSolution
		Debug|Any CPU = Debug|Any CPU
		Release|Any CPU = Release|Any CPU
	EndGlobalSection
	GlobalSection(SolutionProperties) = preSolution
		HideSolutionNode = FALSE
	EndGlobalSection
	GlobalSection(ProjectConfigurationPlatforms) = postSolution
		{A520DBE9-AA04-4E21-9448-DE001A2AC3D5}.Debug|Any CPU.ActiveCfg = Debug|Any CPU
		{A520DBE9-AA04-4E21-9448-DE001A2AC3D5}.Debug|Any CPU.Build.0 = Debug|Any CPU
		{A520DBE9-AA04-4E21-9448-DE001A2AC3D5}.Release|Any CPU.ActiveCfg = Release|Any CPU
		{A520DBE9-AA04-4E21-9448-DE001A2AC3D5}.Release|Any CPU.Build.0 = Release|Any CPU
		{1EB2D8D4-3F36-47BA-B07B-4F10393ABA44}.Debug|Any CPU.ActiveCfg = Debug|Any CPU
		{1EB2D8D4-3F36-47BA-B07B-4F10393ABA44}.Debug|Any CPU.Build.0 = Debug|Any CPU
		{1EB2D8D4-3F36-47BA-B07B-4F10393ABA44}.Release|Any CPU.ActiveCfg = Release|Any CPU
		{1EB2D8D4-3F36-47BA-B07B-4F10393ABA44}.Release|Any CPU.Build.0 = Release|Any CPU
	EndGlobalSection
EndGlobal
